// !$*UTF8*$!
{
	archiveVersion = 1;
	classes = {
	};
	objectVersion = 46;
	objects = {

/* Begin PBXBuildFile section */
		F476EA7F1E59A89D00D3770F /* main.m in Sources */ = {isa = PBXBuildFile; fileRef = F476EA7E1E59A89D00D3770F /* main.m */; };
		F476EA821E59A89D00D3770F /* AppDelegate.m in Sources */ = {isa = PBXBuildFile; fileRef = F476EA811E59A89D00D3770F /* AppDelegate.m */; };
		F476EA851E59A89D00D3770F /* ViewController.m in Sources */ = {isa = PBXBuildFile; fileRef = F476EA841E59A89D00D3770F /* ViewController.m */; };
		F476EA881E59A89D00D3770F /* Main.storyboard in Resources */ = {isa = PBXBuildFile; fileRef = F476EA861E59A89D00D3770F /* Main.storyboard */; };
		F476EA8A1E59A89D00D3770F /* Assets.xcassets in Resources */ = {isa = PBXBuildFile; fileRef = F476EA891E59A89D00D3770F /* Assets.xcassets */; };
		F476EA8D1E59A89D00D3770F /* LaunchScreen.storyboard in Resources */ = {isa = PBXBuildFile; fileRef = F476EA8B1E59A89D00D3770F /* LaunchScreen.storyboard */; };
		F476EA961E59AC4400D3770F /* NativeScript.framework in Frameworks */ = {isa = PBXBuildFile; fileRef = F476EA951E59AC4400D3770F /* NativeScript.framework */; };
		F476EA991E59AC7800D3770F /* NativeScript.framework in CopyFiles */ = {isa = PBXBuildFile; fileRef = F476EA951E59AC4400D3770F /* NativeScript.framework */; settings = {ATTRIBUTES = (CodeSignOnCopy, RemoveHeadersOnCopy, ); }; };
		F476EA9C1E59B00D00D3770F /* app in Resources */ = {isa = PBXBuildFile; fileRef = F476EA9B1E59B00D00D3770F /* app */; };
		F476EAA01E59B02C00D3770F /* app in CopyFiles */ = {isa = PBXBuildFile; fileRef = F476EA9B1E59B00D00D3770F /* app */; };
/* End PBXBuildFile section */

/* Begin PBXCopyFilesBuildPhase section */
		F476EA981E59AC6E00D3770F /* CopyFiles */ = {
			isa = PBXCopyFilesBuildPhase;
			buildActionMask = 2147483647;
			dstPath = "";
			dstSubfolderSpec = 10;
			files = (
				F476EA991E59AC7800D3770F /* NativeScript.framework in CopyFiles */,
			);
			runOnlyForDeploymentPostprocessing = 0;
		};
		F476EA9F1E59B02500D3770F /* CopyFiles */ = {
			isa = PBXCopyFilesBuildPhase;
			buildActionMask = 2147483647;
			dstPath = "";
			dstSubfolderSpec = 7;
			files = (
				F476EAA01E59B02C00D3770F /* app in CopyFiles */,
			);
			runOnlyForDeploymentPostprocessing = 0;
		};
/* End PBXCopyFilesBuildPhase section */

/* Begin PBXFileReference section */
		F476EA7A1E59A89D00D3770F /* no-app.app */ = {isa = PBXFileReference; explicitFileType = wrapper.application; includeInIndex = 0; path = "no-app.app"; sourceTree = BUILT_PRODUCTS_DIR; };
		F476EA7E1E59A89D00D3770F /* main.m */ = {isa = PBXFileReference; lastKnownFileType = sourcecode.c.objc; path = main.m; sourceTree = "<group>"; };
		F476EA801E59A89D00D3770F /* AppDelegate.h */ = {isa = PBXFileReference; lastKnownFileType = sourcecode.c.h; path = AppDelegate.h; sourceTree = "<group>"; };
		F476EA811E59A89D00D3770F /* AppDelegate.m */ = {isa = PBXFileReference; lastKnownFileType = sourcecode.c.objc; path = AppDelegate.m; sourceTree = "<group>"; };
		F476EA831E59A89D00D3770F /* ViewController.h */ = {isa = PBXFileReference; lastKnownFileType = sourcecode.c.h; path = ViewController.h; sourceTree = "<group>"; };
		F476EA841E59A89D00D3770F /* ViewController.m */ = {isa = PBXFileReference; lastKnownFileType = sourcecode.c.objc; path = ViewController.m; sourceTree = "<group>"; };
		F476EA871E59A89D00D3770F /* Base */ = {isa = PBXFileReference; lastKnownFileType = file.storyboard; name = Base; path = Base.lproj/Main.storyboard; sourceTree = "<group>"; };
		F476EA891E59A89D00D3770F /* Assets.xcassets */ = {isa = PBXFileReference; lastKnownFileType = folder.assetcatalog; path = Assets.xcassets; sourceTree = "<group>"; };
		F476EA8C1E59A89D00D3770F /* Base */ = {isa = PBXFileReference; lastKnownFileType = file.storyboard; name = Base; path = Base.lproj/LaunchScreen.storyboard; sourceTree = "<group>"; };
		F476EA8E1E59A89D00D3770F /* Info.plist */ = {isa = PBXFileReference; lastKnownFileType = text.plist.xml; path = Info.plist; sourceTree = "<group>"; };
		F476EA951E59AC4400D3770F /* NativeScript.framework */ = {isa = PBXFileReference; lastKnownFileType = wrapper.framework; name = NativeScript.framework; path = "no-app-inspector/platforms/ios/internal/NativeScript.framework"; sourceTree = "<group>"; };
		F476EA9B1E59B00D00D3770F /* app */ = {isa = PBXFileReference; lastKnownFileType = folder; name = app; path = "no-app/app"; sourceTree = "<group>"; };
/* End PBXFileReference section */

/* Begin PBXFrameworksBuildPhase section */
		F476EA771E59A89D00D3770F /* Frameworks */ = {
			isa = PBXFrameworksBuildPhase;
			buildActionMask = 2147483647;
			files = (
				F476EA961E59AC4400D3770F /* NativeScript.framework in Frameworks */,
			);
			runOnlyForDeploymentPostprocessing = 0;
		};
/* End PBXFrameworksBuildPhase section */

/* Begin PBXGroup section */
		F476EA711E59A89D00D3770F = {
			isa = PBXGroup;
			children = (
				F476EA9B1E59B00D00D3770F /* app */,
				F476EA7C1E59A89D00D3770F /* no-app */,
				F476EA7B1E59A89D00D3770F /* Products */,
				F476EA941E59AC4300D3770F /* Frameworks */,
			);
			sourceTree = "<group>";
		};
		F476EA7B1E59A89D00D3770F /* Products */ = {
			isa = PBXGroup;
			children = (
				F476EA7A1E59A89D00D3770F /* no-app.app */,
			);
			name = Products;
			sourceTree = "<group>";
		};
		F476EA7C1E59A89D00D3770F /* no-app */ = {
			isa = PBXGroup;
			children = (
				F476EA801E59A89D00D3770F /* AppDelegate.h */,
				F476EA811E59A89D00D3770F /* AppDelegate.m */,
				F476EA831E59A89D00D3770F /* ViewController.h */,
				F476EA841E59A89D00D3770F /* ViewController.m */,
				F476EA861E59A89D00D3770F /* Main.storyboard */,
				F476EA891E59A89D00D3770F /* Assets.xcassets */,
				F476EA8B1E59A89D00D3770F /* LaunchScreen.storyboard */,
				F476EA8E1E59A89D00D3770F /* Info.plist */,
				F476EA7D1E59A89D00D3770F /* Supporting Files */,
			);
			path = "no-app";
			sourceTree = "<group>";
		};
		F476EA7D1E59A89D00D3770F /* Supporting Files */ = {
			isa = PBXGroup;
			children = (
				F476EA7E1E59A89D00D3770F /* main.m */,
			);
			name = "Supporting Files";
			sourceTree = "<group>";
		};
		F476EA941E59AC4300D3770F /* Frameworks */ = {
			isa = PBXGroup;
			children = (
				F476EA951E59AC4400D3770F /* NativeScript.framework */,
			);
			name = Frameworks;
			sourceTree = "<group>";
		};
/* End PBXGroup section */

/* Begin PBXNativeTarget section */
		F476EA791E59A89D00D3770F /* no-app */ = {
			isa = PBXNativeTarget;
			buildConfigurationList = F476EA911E59A89D00D3770F /* Build configuration list for PBXNativeTarget "no-app" */;
			buildPhases = (
				F476EA9A1E59AC9000D3770F /* ShellScript */,
				F476EA761E59A89D00D3770F /* Sources */,
				F476EA771E59A89D00D3770F /* Frameworks */,
				F476EA781E59A89D00D3770F /* Resources */,
				F476EA981E59AC6E00D3770F /* CopyFiles */,
				F476EA9F1E59B02500D3770F /* CopyFiles */,
			);
			buildRules = (
			);
			dependencies = (
			);
			name = "no-app";
			productName = "no-app";
			productReference = F476EA7A1E59A89D00D3770F /* no-app.app */;
			productType = "com.apple.product-type.application";
		};
/* End PBXNativeTarget section */

/* Begin PBXProject section */
		F476EA721E59A89D00D3770F /* Project object */ = {
			isa = PBXProject;
			attributes = {
				LastUpgradeCheck = 0820;
				ORGANIZATIONNAME = "Jan-Eric Duden";
				TargetAttributes = {
					F476EA791E59A89D00D3770F = {
						CreatedOnToolsVersion = 8.2.1;
						ProvisioningStyle = Automatic;
					};
				};
			};
			buildConfigurationList = F476EA751E59A89D00D3770F /* Build configuration list for PBXProject "no-app" */;
			compatibilityVersion = "Xcode 3.2";
			developmentRegion = English;
			hasScannedForEncodings = 0;
			knownRegions = (
				en,
				Base,
			);
			mainGroup = F476EA711E59A89D00D3770F;
			productRefGroup = F476EA7B1E59A89D00D3770F /* Products */;
			projectDirPath = "";
			projectRoot = "";
			targets = (
				F476EA791E59A89D00D3770F /* no-app */,
			);
		};
/* End PBXProject section */

/* Begin PBXResourcesBuildPhase section */
		F476EA781E59A89D00D3770F /* Resources */ = {
			isa = PBXResourcesBuildPhase;
			buildActionMask = 2147483647;
			files = (
				F476EA9C1E59B00D00D3770F /* app in Resources */,
				F476EA8D1E59A89D00D3770F /* LaunchScreen.storyboard in Resources */,
				F476EA8A1E59A89D00D3770F /* Assets.xcassets in Resources */,
				F476EA881E59A89D00D3770F /* Main.storyboard in Resources */,
			);
			runOnlyForDeploymentPostprocessing = 0;
		};
/* End PBXResourcesBuildPhase section */

/* Begin PBXShellScriptBuildPhase section */
		F476EA9A1E59AC9000D3770F /* ShellScript */ = {
			isa = PBXShellScriptBuildPhase;
			buildActionMask = 2147483647;
			files = (
			);
			inputPaths = (
			);
			outputPaths = (
			);
			runOnlyForDeploymentPostprocessing = 0;
			shellPath = /bin/bash;
			shellScript = "set -e\n\npushd \"$SRCROOT/no-app-inspector/platforms/ios/internal/metadata-generator/bin\"\n./build-step-metadata-generator.py\npopd";
		};
/* End PBXShellScriptBuildPhase section */

/* Begin PBXSourcesBuildPhase section */
		F476EA761E59A89D00D3770F /* Sources */ = {
			isa = PBXSourcesBuildPhase;
			buildActionMask = 2147483647;
			files = (
				F476EA851E59A89D00D3770F /* ViewController.m in Sources */,
				F476EA821E59A89D00D3770F /* AppDelegate.m in Sources */,
				F476EA7F1E59A89D00D3770F /* main.m in Sources */,
			);
			runOnlyForDeploymentPostprocessing = 0;
		};
/* End PBXSourcesBuildPhase section */

/* Begin PBXVariantGroup section */
		F476EA861E59A89D00D3770F /* Main.storyboard */ = {
			isa = PBXVariantGroup;
			children = (
				F476EA871E59A89D00D3770F /* Base */,
			);
			name = Main.storyboard;
			sourceTree = "<group>";
		};
		F476EA8B1E59A89D00D3770F /* LaunchScreen.storyboard */ = {
			isa = PBXVariantGroup;
			children = (
				F476EA8C1E59A89D00D3770F /* Base */,
			);
			name = LaunchScreen.storyboard;
			sourceTree = "<group>";
		};
/* End PBXVariantGroup section */

/* Begin XCBuildConfiguration section */
		F476EA8F1E59A89D00D3770F /* Debug */ = {
			isa = XCBuildConfiguration;
			buildSettings = {
				ALWAYS_SEARCH_USER_PATHS = NO;
				CLANG_ANALYZER_NONNULL = YES;
				CLANG_CXX_LANGUAGE_STANDARD = "gnu++0x";
				CLANG_CXX_LIBRARY = "libc++";
				CLANG_ENABLE_MODULES = YES;
				CLANG_ENABLE_OBJC_ARC = YES;
				CLANG_WARN_BOOL_CONVERSION = YES;
				CLANG_WARN_CONSTANT_CONVERSION = YES;
				CLANG_WARN_DIRECT_OBJC_ISA_USAGE = YES_ERROR;
				CLANG_WARN_DOCUMENTATION_COMMENTS = YES;
				CLANG_WARN_EMPTY_BODY = YES;
				CLANG_WARN_ENUM_CONVERSION = YES;
				CLANG_WARN_INFINITE_RECURSION = YES;
				CLANG_WARN_INT_CONVERSION = YES;
				CLANG_WARN_OBJC_ROOT_CLASS = YES_ERROR;
				CLANG_WARN_SUSPICIOUS_MOVE = YES;
				CLANG_WARN_UNREACHABLE_CODE = YES;
				CLANG_WARN__DUPLICATE_METHOD_MATCH = YES;
				"CODE_SIGN_IDENTITY[sdk=iphoneos*]" = "iPhone Developer";
				COPY_PHASE_STRIP = NO;
				DEBUG_INFORMATION_FORMAT = dwarf;
				ENABLE_STRICT_OBJC_MSGSEND = YES;
				ENABLE_TESTABILITY = YES;
				GCC_C_LANGUAGE_STANDARD = gnu99;
				GCC_DYNAMIC_NO_PIC = NO;
				GCC_NO_COMMON_BLOCKS = YES;
				GCC_OPTIMIZATION_LEVEL = 0;
				GCC_PREPROCESSOR_DEFINITIONS = (
					"DEBUG=1",
					"$(inherited)",
				);
				GCC_WARN_64_TO_32_BIT_CONVERSION = YES;
				GCC_WARN_ABOUT_RETURN_TYPE = YES_ERROR;
				GCC_WARN_UNDECLARED_SELECTOR = YES;
				GCC_WARN_UNINITIALIZED_AUTOS = YES_AGGRESSIVE;
				GCC_WARN_UNUSED_FUNCTION = YES;
				GCC_WARN_UNUSED_VARIABLE = YES;
				IPHONEOS_DEPLOYMENT_TARGET = 10.2;
				MTL_ENABLE_DEBUG_INFO = YES;
				ONLY_ACTIVE_ARCH = YES;
				SDKROOT = iphoneos;
				TARGETED_DEVICE_FAMILY = "1,2";
			};
			name = Debug;
		};
		F476EA901E59A89D00D3770F /* Release */ = {
			isa = XCBuildConfiguration;
			buildSettings = {
				ALWAYS_SEARCH_USER_PATHS = NO;
				CLANG_ANALYZER_NONNULL = YES;
				CLANG_CXX_LANGUAGE_STANDARD = "gnu++0x";
				CLANG_CXX_LIBRARY = "libc++";
				CLANG_ENABLE_MODULES = YES;
				CLANG_ENABLE_OBJC_ARC = YES;
				CLANG_WARN_BOOL_CONVERSION = YES;
				CLANG_WARN_CONSTANT_CONVERSION = YES;
				CLANG_WARN_DIRECT_OBJC_ISA_USAGE = YES_ERROR;
				CLANG_WARN_DOCUMENTATION_COMMENTS = YES;
				CLANG_WARN_EMPTY_BODY = YES;
				CLANG_WARN_ENUM_CONVERSION = YES;
				CLANG_WARN_INFINITE_RECURSION = YES;
				CLANG_WARN_INT_CONVERSION = YES;
				CLANG_WARN_OBJC_ROOT_CLASS = YES_ERROR;
				CLANG_WARN_SUSPICIOUS_MOVE = YES;
				CLANG_WARN_UNREACHABLE_CODE = YES;
				CLANG_WARN__DUPLICATE_METHOD_MATCH = YES;
				"CODE_SIGN_IDENTITY[sdk=iphoneos*]" = "iPhone Developer";
				COPY_PHASE_STRIP = NO;
				DEBUG_INFORMATION_FORMAT = "dwarf-with-dsym";
				ENABLE_NS_ASSERTIONS = NO;
				ENABLE_STRICT_OBJC_MSGSEND = YES;
				GCC_C_LANGUAGE_STANDARD = gnu99;
				GCC_NO_COMMON_BLOCKS = YES;
				GCC_WARN_64_TO_32_BIT_CONVERSION = YES;
				GCC_WARN_ABOUT_RETURN_TYPE = YES_ERROR;
				GCC_WARN_UNDECLARED_SELECTOR = YES;
				GCC_WARN_UNINITIALIZED_AUTOS = YES_AGGRESSIVE;
				GCC_WARN_UNUSED_FUNCTION = YES;
				GCC_WARN_UNUSED_VARIABLE = YES;
				IPHONEOS_DEPLOYMENT_TARGET = 10.2;
				MTL_ENABLE_DEBUG_INFO = NO;
				SDKROOT = iphoneos;
				TARGETED_DEVICE_FAMILY = "1,2";
				VALIDATE_PRODUCT = YES;
			};
			name = Release;
		};
		F476EA921E59A89D00D3770F /* Debug */ = {
			isa = XCBuildConfiguration;
			buildSettings = {
				ASSETCATALOG_COMPILER_APPICON_NAME = AppIcon;
				FRAMEWORK_SEARCH_PATHS = (
					"$(inherited)",
					"$(PROJECT_DIR)/no-app-inspector/platforms/ios/internal",
				);
				HEADER_SEARCH_PATHS = "\"$(SRCROOT)/no-app-inspector/platforms/ios/internal\"";
				INFOPLIST_FILE = "no-app/Info.plist";
				LD_RUNPATH_SEARCH_PATHS = "$(inherited) @executable_path/Frameworks";
				OTHER_LDFLAGS = (
					"-sectcreate",
					__DATA,
					__TNSMetadata,
					"\"$(CONFIGURATION_BUILD_DIR)/metadata-$(CURRENT_ARCH).bin\"",
				);
				PRODUCT_BUNDLE_IDENTIFIER = "com.sharebear.no-app";
				PRODUCT_NAME = "$(TARGET_NAME)";
			};
			name = Debug;
		};
		F476EA931E59A89D00D3770F /* Release */ = {
			isa = XCBuildConfiguration;
			buildSettings = {
				ASSETCATALOG_COMPILER_APPICON_NAME = AppIcon;
				FRAMEWORK_SEARCH_PATHS = (
					"$(inherited)",
					"$(PROJECT_DIR)/no-app-inspector/platforms/ios/internal",
				);
				HEADER_SEARCH_PATHS = "\"$(SRCROOT)/no-app-inspector/platforms/ios/internal\"";
				INFOPLIST_FILE = "no-app/Info.plist";
				LD_RUNPATH_SEARCH_PATHS = "$(inherited) @executable_path/Frameworks";
				OTHER_LDFLAGS = (
					"-sectcreate",
					__DATA,
					__TNSMetadata,
					"\"$(CONFIGURATION_BUILD_DIR)/metadata-$(CURRENT_ARCH).bin\"",
				);
				PRODUCT_BUNDLE_IDENTIFIER = "com.sharebear.no-app";
				PRODUCT_NAME = "$(TARGET_NAME)";
			};
			name = Release;
		};
/* End XCBuildConfiguration section */

/* Begin XCConfigurationList section */
		F476EA751E59A89D00D3770F /* Build configuration list for PBXProject "no-app" */ = {
			isa = XCConfigurationList;
			buildConfigurations = (
				F476EA8F1E59A89D00D3770F /* Debug */,
				F476EA901E59A89D00D3770F /* Release */,
			);
			defaultConfigurationIsVisible = 0;
			defaultConfigurationName = Release;
		};
		F476EA911E59A89D00D3770F /* Build configuration list for PBXNativeTarget "no-app" */ = {
			isa = XCConfigurationList;
			buildConfigurations = (
				F476EA921E59A89D00D3770F /* Debug */,
				F476EA931E59A89D00D3770F /* Release */,
			);
			defaultConfigurationIsVisible = 0;
		};
/* End XCConfigurationList section */
	};
	rootObject = F476EA721E59A89D00D3770F /* Project object */;
}
